<?xml version="1.0" encoding="utf-8"?>
<Project ToolsVersion="4.0" xmlns="http://schemas.microsoft.com/developer/msbuild/2003">
  <ItemGroup>
    <Filter Include="Source Files">
      <UniqueIdentifier>{4FC737F1-C7A5-4376-A066-2A32D752A2FF}</UniqueIdentifier>
      <Extensions>cpp;c;cc;cxx;c++;cppm;ixx;def;odl;idl;hpj;bat;asm;asmx</Extensions>
    </Filter>
    <Filter Include="Header Files">
      <UniqueIdentifier>{93995380-89BD-4b04-88EB-625FBE52EBFB}</UniqueIdentifier>
      <Extensions>h;hh;hpp;hxx;h++;hm;inl;inc;ipp;xsd</Extensions>
    </Filter>
    <Filter Include="Resource Files">
      <UniqueIdentifier>{67DA6AB6-F800-4c08-8B7A-83BB121AAD01}</UniqueIdentifier>
      <Extensions>rc;ico;cur;bmp;dlg;rc2;rct;bin;rgs;gif;jpg;jpeg;jpe;resx;tiff;tif;png;wav;mfcribbon-ms</Extensions>
    </Filter>
  </ItemGroup>
  <ItemGroup>
    <ClCompile Include="Source\Main.cpp">
      <Filter>Source Files</Filter>
    </ClCompile>
    <ClCompile Include="Models\Game.cpp">
      <Filter>Source Files</Filter>
    </ClCompile>
    <ClCompile Include="Models\Map.cpp">
      <Filter>Source Files</Filter>
    </ClCompile>
    <ClCompile Include="Source\GameManager.cpp">
      <Filter>Source Files</Filter>
    </ClCompile>
    <ClCompile Include="Builds\MapCounts.h">
      <Filter>Source Files</Filter>
    </ClCompile>
    <ClCompile Include="Builds\GamePrints.h">
      <Filter>Source Files</Filter>
    </ClCompile>
    <ClCompile Include="Builds\MapFactory.cpp">
      <Filter>Source Files</Filter>
    </ClCompile>
    <ClCompile Include="Builds\Maps\MapBuild.cpp">
      <Filter>Source Files</Filter>
    </ClCompile>
    <ClCompile Include="Builds\MapCounts.cpp">
      <Filter>Source Files</Filter>
    </ClCompile>
    <ClCompile Include="Models\MapObjects\MapEntity.cpp">
      <Filter>Source Files</Filter>
    </ClCompile>
    <ClCompile Include="Models\MapObjects\Obsticle.cpp">
      <Filter>Source Files</Filter>
    </ClCompile>
    <ClCompile Include="Models\MapObjects\Player.cpp">
      <Filter>Source Files</Filter>
    </ClCompile>
    <ClCompile Include="Models\MapObjects\Items\Item.cpp">
      <Filter>Source Files</Filter>
    </ClCompile>
    <ClCompile Include="Models\ItemValidities\AcceptAllItems.cpp">
      <Filter>Source Files</Filter>
    </ClCompile>
    <ClCompile Include="Models\ItemValidities\AlphabeticOnlyItems.cpp">
      <Filter>Source Files</Filter>
    </ClCompile>
    <ClCompile Include="Models\ItemValidities\RandomOnlyItems.cpp">
      <Filter>Source Files</Filter>
    </ClCompile>
    <ClCompile Include="Models\MapObjects\Items\TeleportItem.cpp">
      <Filter>Source Files</Filter>
    </ClCompile>
    <ClCompile Include="Models\MapObjects\Items\ItemTypes.cpp">
      <Filter>Source Files</Filter>
    </ClCompile>
    <ClCompile Include="Models\MapObjects\Items\TimyItem.cpp">
      <Filter>Source Files</Filter>
    </ClCompile>
    <ClCompile Include="Models\MapObjects\Items\TrollItem.cpp">
      <Filter>Source Files</Filter>
    </ClCompile>
    <ClCompile Include="Models\MapObjects\Items\RandomItem.cpp">
      <Filter>Source Files</Filter>
    </ClCompile>
    <ClCompile Include="Models\ItemValidities\AlphabeticExtentedItems.cpp">
      <Filter>Source Files</Filter>
    </ClCompile>
    <ClCompile Include="Models\MapObjects\Items\NullItem.cpp">
      <Filter>Source Files</Filter>
    </ClCompile>
    <ClCompile Include="Models\MapObjects\Items\DeathItem.cpp">
      <Filter>Source Files</Filter>
    </ClCompile>
  </ItemGroup>
  <ItemGroup>
    <ClInclude Include="Models\Game.h">
      <Filter>Header Files</Filter>
    </ClInclude>
    <ClInclude Include="Models\Map.h">
      <Filter>Header Files</Filter>
    </ClInclude>
    <ClInclude Include="Source\GameManager.h">
      <Filter>Header Files</Filter>
    </ClInclude>
    <ClInclude Include="Builds\MapNames.h">
      <Filter>Header Files</Filter>
    </ClInclude>
    <ClInclude Include="Builds\MapFactory.h">
      <Filter>Header Files</Filter>
    </ClInclude>
    <ClInclude Include="Builds\Maps\MapBuild.h">
      <Filter>Header Files</Filter>
    </ClInclude>
    <ClInclude Include="Models\MapObjects\MapEntity.h">
      <Filter>Header Files</Filter>
    </ClInclude>
    <ClInclude Include="Models\MapObjects\Obsticle.h">
      <Filter>Header Files</Filter>
    </ClInclude>
    <ClInclude Include="Models\MapObjects\Player.h">
      <Filter>Header Files</Filter>
    </ClInclude>
    <ClInclude Include="Models\MapObjects\Items\Item.h">
      <Filter>Header Files</Filter>
    </ClInclude>
    <ClInclude Include="Models\ItemValidities\ItemValidility.h">
      <Filter>Header Files</Filter>
    </ClInclude>
    <ClInclude Include="Models\ItemValidities\AcceptAllItems.h">
      <Filter>Header Files</Filter>
    </ClInclude>
    <ClInclude Include="Models\ItemValidities\AlphabeticOnlyItems.h">
      <Filter>Header Files</Filter>
    </ClInclude>
    <ClInclude Include="Models\ItemValidities\RandomOnlyItems.h">
      <Filter>Header Files</Filter>
    </ClInclude>
    <ClInclude Include="Builds\MapSymbols.h">
      <Filter>Header Files</Filter>
    </ClInclude>
    <ClInclude Include="resource.h">
      <Filter>Header Files</Filter>
    </ClInclude>
    <ClInclude Include="Models\MapObjects\Items\TeleportItem.h">
      <Filter>Header Files</Filter>
    </ClInclude>
    <ClInclude Include="Models\MapObjects\Items\ItemTypes.h">
      <Filter>Header Files</Filter>
    </ClInclude>
    <ClInclude Include="Models\MapObjects\Items\TimyItem.h">
      <Filter>Header Files</Filter>
    </ClInclude>
    <ClInclude Include="Models\MapObjects\Items\TrollItem.h">
      <Filter>Header Files</Filter>
    </ClInclude>
    <ClInclude Include="Models\MapObjects\Items\RandomItem.h">
      <Filter>Header Files</Filter>
    </ClInclude>
    <ClInclude Include="Models\ItemValidities\AlphabeticExtentedItems.h">
      <Filter>Header Files</Filter>
    </ClInclude>
    <ClInclude Include="Models\MapObjects\Items\NullItem.h">
      <Filter>Header Files</Filter>
    </ClInclude>
    <ClInclude Include="Models\MapObjects\Items\DeathItem.h">
      <Filter>Header Files</Filter>
    </ClInclude>
  </ItemGroup>
  <ItemGroup>
    <Text Include="Builds\Maps\ObsticlesBuilds\AzbukiObsticles.txt" />
    <Text Include="Builds\Maps\ObsticlesBuilds\XidiomasObsticles.txt" />
    <Text Include="Builds\Maps\ObsticlesBuilds\FAKTObsticles.txt" />
  </ItemGroup>
  <ItemGroup>
    <ResourceCompile Include="Game.rc">
      <Filter>Resource Files</Filter>
    </ResourceCompile>
  </ItemGroup>
  <ItemGroup>
    <Image Include="..\..\..\..\Downloads\BuffLogo.ico">
      <Filter>Resource Files</Filter>
    </Image>
  </ItemGroup>
  <ItemGroup>
    <None Include="Game.aps" />
  </ItemGroup>
</Project>